
Microsoft Visual Studio Solution File, Format Version 12.00
# Visual Studio Version 16
VisualStudioVersion = 16.0.30503.244
MinimumVisualStudioVersion = 10.0.40219.1
Project("{FAE04EC0-301F-11D3-BF4B-00C04F79EFBC}") = "Benchmarking", "Benchmarking\Benchmarking.csproj", "{3E6FF858-5C85-4777-8137-DFFB0B8875EF}"
EndProject
Global
	GlobalSection(SolutionConfigurationPlatforms) = preSolution
		Debug|Any CPU = Debug|Any CPU
		Release|Any CPU = Release|Any CPU
	EndGlobalSection
	GlobalSection(ProjectConfigurationPlatforms) = postSolution
		{3E6FF858-5C85-4777-8137-DFFB0B8875EF}.Debug|Any CPU.ActiveCfg = Debug|Any CPU
		{3E6FF858-5C85-4777-8137-DFFB0B8875EF}.Debug|Any CPU.Build.0 = Debug|Any CPU
		{3E6FF858-5C85-4777-8137-DFFB0B8875EF}.Release|Any CPU.ActiveCfg = Release|Any CPU
		{3E6FF858-5C85-4777-8137-DFFB0B8875EF}.Release|Any CPU.Build.0 = Release|Any CPU
	EndGlobalSection
	GlobalSection(SolutionProperties) = preSolution
		HideSolutionNode = FALSE
	EndGlobalSection
	GlobalSection(ExtensibilityGlobals) = postSolution
		SolutionGuid = {EE7BABAB-2914-4FB8-BD94-91C4187D170A}
	EndGlobalSection
EndGlobal
